
Microsoft Visual Studio Solution File, Format Version 12.00
# Visual Studio Version 17
VisualStudioVersion = 17.0.31903.59
MinimumVisualStudioVersion = 10.0.40219.1
Project("{FAE04EC0-301F-11D3-BF4B-00C04F79EFBC}") = "Builder.Cli", "Builder.Cli\Builder.Cli.csproj", "{BAD1C7B4-2179-443D-8D39-970C43C777B2}"
EndProject
Project("{FAE04EC0-301F-11D3-BF4B-00C04F79EFBC}") = "Builder.Data", "Builder.Data\Builder.Data.csproj", "{866CD983-BBBF-4BB1-9C61-8BCF633AA753}"
EndProject
Project("{FAE04EC0-301F-11D3-BF4B-00C04F79EFBC}") = "LambdaApi", "Builder.LambdaApi\LambdaApi.csproj", "{65C2B218-1EA9-440D-9929-4953843DE2EE}"
EndProject
Project("{FAE04EC0-301F-11D3-BF4B-00C04F79EFBC}") = "Builder.Common", "Builder.Common\Builder.Common.csproj", "{BCFC3F80-CB83-4A06-92F1-B89D94ECC9C1}"
EndProject
Global
	GlobalSection(SolutionConfigurationPlatforms) = preSolution
		Debug|Any CPU = Debug|Any CPU
		Debug|x64 = Debug|x64
		Debug|x86 = Debug|x86
		Release|Any CPU = Release|Any CPU
		Release|x64 = Release|x64
		Release|x86 = Release|x86
	EndGlobalSection
	GlobalSection(ProjectConfigurationPlatforms) = postSolution
		{BAD1C7B4-2179-443D-8D39-970C43C777B2}.Debug|Any CPU.ActiveCfg = Debug|Any CPU
		{BAD1C7B4-2179-443D-8D39-970C43C777B2}.Debug|Any CPU.Build.0 = Debug|Any CPU
		{BAD1C7B4-2179-443D-8D39-970C43C777B2}.Debug|x64.ActiveCfg = Debug|Any CPU
		{BAD1C7B4-2179-443D-8D39-970C43C777B2}.Debug|x64.Build.0 = Debug|Any CPU
		{BAD1C7B4-2179-443D-8D39-970C43C777B2}.Debug|x86.ActiveCfg = Debug|Any CPU
		{BAD1C7B4-2179-443D-8D39-970C43C777B2}.Debug|x86.Build.0 = Debug|Any CPU
		{BAD1C7B4-2179-443D-8D39-970C43C777B2}.Release|Any CPU.ActiveCfg = Release|Any CPU
		{BAD1C7B4-2179-443D-8D39-970C43C777B2}.Release|Any CPU.Build.0 = Release|Any CPU
		{BAD1C7B4-2179-443D-8D39-970C43C777B2}.Release|x64.ActiveCfg = Release|Any CPU
		{BAD1C7B4-2179-443D-8D39-970C43C777B2}.Release|x64.Build.0 = Release|Any CPU
		{BAD1C7B4-2179-443D-8D39-970C43C777B2}.Release|x86.ActiveCfg = Release|Any CPU
		{BAD1C7B4-2179-443D-8D39-970C43C777B2}.Release|x86.Build.0 = Release|Any CPU
		{866CD983-BBBF-4BB1-9C61-8BCF633AA753}.Debug|Any CPU.ActiveCfg = Debug|Any CPU
		{866CD983-BBBF-4BB1-9C61-8BCF633AA753}.Debug|Any CPU.Build.0 = Debug|Any CPU
		{866CD983-BBBF-4BB1-9C61-8BCF633AA753}.Debug|x64.ActiveCfg = Debug|Any CPU
		{866CD983-BBBF-4BB1-9C61-8BCF633AA753}.Debug|x64.Build.0 = Debug|Any CPU
		{866CD983-BBBF-4BB1-9C61-8BCF633AA753}.Debug|x86.ActiveCfg = Debug|Any CPU
		{866CD983-BBBF-4BB1-9C61-8BCF633AA753}.Debug|x86.Build.0 = Debug|Any CPU
		{866CD983-BBBF-4BB1-9C61-8BCF633AA753}.Release|Any CPU.ActiveCfg = Release|Any CPU
		{866CD983-BBBF-4BB1-9C61-8BCF633AA753}.Release|Any CPU.Build.0 = Release|Any CPU
		{866CD983-BBBF-4BB1-9C61-8BCF633AA753}.Release|x64.ActiveCfg = Release|Any CPU
		{866CD983-BBBF-4BB1-9C61-8BCF633AA753}.Release|x64.Build.0 = Release|Any CPU
		{866CD983-BBBF-4BB1-9C61-8BCF633AA753}.Release|x86.ActiveCfg = Release|Any CPU
		{866CD983-BBBF-4BB1-9C61-8BCF633AA753}.Release|x86.Build.0 = Release|Any CPU
		{65C2B218-1EA9-440D-9929-4953843DE2EE}.Debug|Any CPU.ActiveCfg = Debug|Any CPU
		{65C2B218-1EA9-440D-9929-4953843DE2EE}.Debug|Any CPU.Build.0 = Debug|Any CPU
		{65C2B218-1EA9-440D-9929-4953843DE2EE}.Debug|x64.ActiveCfg = Debug|Any CPU
		{65C2B218-1EA9-440D-9929-4953843DE2EE}.Debug|x64.Build.0 = Debug|Any CPU
		{65C2B218-1EA9-440D-9929-4953843DE2EE}.Debug|x86.ActiveCfg = Debug|Any CPU
		{65C2B218-1EA9-440D-9929-4953843DE2EE}.Debug|x86.Build.0 = Debug|Any CPU
		{65C2B218-1EA9-440D-9929-4953843DE2EE}.Release|Any CPU.ActiveCfg = Release|Any CPU
		{65C2B218-1EA9-440D-9929-4953843DE2EE}.Release|Any CPU.Build.0 = Release|Any CPU
		{65C2B218-1EA9-440D-9929-4953843DE2EE}.Release|x64.ActiveCfg = Release|Any CPU
		{65C2B218-1EA9-440D-9929-4953843DE2EE}.Release|x64.Build.0 = Release|Any CPU
		{65C2B218-1EA9-440D-9929-4953843DE2EE}.Release|x86.ActiveCfg = Release|Any CPU
		{65C2B218-1EA9-440D-9929-4953843DE2EE}.Release|x86.Build.0 = Release|Any CPU
		{BCFC3F80-CB83-4A06-92F1-B89D94ECC9C1}.Debug|Any CPU.ActiveCfg = Debug|Any CPU
		{BCFC3F80-CB83-4A06-92F1-B89D94ECC9C1}.Debug|Any CPU.Build.0 = Debug|Any CPU
		{BCFC3F80-CB83-4A06-92F1-B89D94ECC9C1}.Debug|x64.ActiveCfg = Debug|Any CPU
		{BCFC3F80-CB83-4A06-92F1-B89D94ECC9C1}.Debug|x64.Build.0 = Debug|Any CPU
		{BCFC3F80-CB83-4A06-92F1-B89D94ECC9C1}.Debug|x86.ActiveCfg = Debug|Any CPU
		{BCFC3F80-CB83-4A06-92F1-B89D94ECC9C1}.Debug|x86.Build.0 = Debug|Any CPU
		{BCFC3F80-CB83-4A06-92F1-B89D94ECC9C1}.Release|Any CPU.ActiveCfg = Release|Any CPU
		{BCFC3F80-CB83-4A06-92F1-B89D94ECC9C1}.Release|Any CPU.Build.0 = Release|Any CPU
		{BCFC3F80-CB83-4A06-92F1-B89D94ECC9C1}.Release|x64.ActiveCfg = Release|Any CPU
		{BCFC3F80-CB83-4A06-92F1-B89D94ECC9C1}.Release|x64.Build.0 = Release|Any CPU
		{BCFC3F80-CB83-4A06-92F1-B89D94ECC9C1}.Release|x86.ActiveCfg = Release|Any CPU
		{BCFC3F80-CB83-4A06-92F1-B89D94ECC9C1}.Release|x86.Build.0 = Release|Any CPU
	EndGlobalSection
	GlobalSection(SolutionProperties) = preSolution
		HideSolutionNode = FALSE
	EndGlobalSection
EndGlobal
